// !$*UTF8*$!
{
	archiveVersion = 1;
	classes = {
	};
	objectVersion = 46;
	objects = {

/* Begin PBXBuildFile section */
		830CC2D01BE29A71002E3670 /* AppDelegate.swift in Sources */ = {isa = PBXBuildFile; fileRef = 830CC2CF1BE29A71002E3670 /* AppDelegate.swift */; };
		830CC2D21BE29A71002E3670 /* ViewController.swift in Sources */ = {isa = PBXBuildFile; fileRef = 830CC2D11BE29A71002E3670 /* ViewController.swift */; };
		830CC2D51BE29A71002E3670 /* Main.storyboard in Resources */ = {isa = PBXBuildFile; fileRef = 830CC2D31BE29A71002E3670 /* Main.storyboard */; };
		830CC2D71BE29A71002E3670 /* Assets.xcassets in Resources */ = {isa = PBXBuildFile; fileRef = 830CC2D61BE29A71002E3670 /* Assets.xcassets */; };
		830CC2DA1BE29A71002E3670 /* LaunchScreen.storyboard in Resources */ = {isa = PBXBuildFile; fileRef = 830CC2D81BE29A71002E3670 /* LaunchScreen.storyboard */; };
		830CC2E51BE29A71002E3670 /* SimpleBrowserTests.swift in Sources */ = {isa = PBXBuildFile; fileRef = 830CC2E41BE29A71002E3670 /* SimpleBrowserTests.swift */; };
		830CC2F01BE29A71002E3670 /* SimpleBrowserUITests.swift in Sources */ = {isa = PBXBuildFile; fileRef = 830CC2EF1BE29A71002E3670 /* SimpleBrowserUITests.swift */; };
/* End PBXBuildFile section */

/* Begin PBXContainerItemProxy section */
		830CC2E11BE29A71002E3670 /* PBXContainerItemProxy */ = {
			isa = PBXContainerItemProxy;
			containerPortal = 830CC2C41BE29A71002E3670 /* Project object */;
			proxyType = 1;
			remoteGlobalIDString = 830CC2CB1BE29A71002E3670;
			remoteInfo = SimpleBrowser;
		};
		830CC2EC1BE29A71002E3670 /* PBXContainerItemProxy */ = {
			isa = PBXContainerItemProxy;
			containerPortal = 830CC2C41BE29A71002E3670 /* Project object */;
			proxyType = 1;
			remoteGlobalIDString = 830CC2CB1BE29A71002E3670;
			remoteInfo = SimpleBrowser;
		};
/* End PBXContainerItemProxy section */

/* Begin PBXFileReference section */
		830CC2CC1BE29A71002E3670 /* SimpleBrowser.app */ = {isa = PBXFileReference; explicitFileType = wrapper.application; includeInIndex = 0; path = SimpleBrowser.app; sourceTree = BUILT_PRODUCTS_DIR; };
		830CC2CF1BE29A71002E3670 /* AppDelegate.swift */ = {isa = PBXFileReference; lastKnownFileType = sourcecode.swift; path = AppDelegate.swift; sourceTree = "<group>"; };
		830CC2D11BE29A71002E3670 /* ViewController.swift */ = {isa = PBXFileReference; lastKnownFileType = sourcecode.swift; path = ViewController.swift; sourceTree = "<group>"; };
		830CC2D41BE29A71002E3670 /* Base */ = {isa = PBXFileReference; lastKnownFileType = file.storyboard; name = Base; path = Base.lproj/Main.storyboard; sourceTree = "<group>"; };
		830CC2D61BE29A71002E3670 /* Assets.xcassets */ = {isa = PBXFileReference; lastKnownFileType = folder.assetcatalog; path = Assets.xcassets; sourceTree = "<group>"; };
		830CC2D91BE29A71002E3670 /* Base */ = {isa = PBXFileReference; lastKnownFileType = file.storyboard; name = Base; path = Base.lproj/LaunchScreen.storyboard; sourceTree = "<group>"; };
		830CC2DB1BE29A71002E3670 /* Info.plist */ = {isa = PBXFileReference; lastKnownFileType = text.plist.xml; path = Info.plist; sourceTree = "<group>"; };
		830CC2E01BE29A71002E3670 /* SimpleBrowserTests.xctest */ = {isa = PBXFileReference; explicitFileType = wrapper.cfbundle; includeInIndex = 0; path = SimpleBrowserTests.xctest; sourceTree = BUILT_PRODUCTS_DIR; };
		830CC2E41BE29A71002E3670 /* SimpleBrowserTests.swift */ = {isa = PBXFileReference; lastKnownFileType = sourcecode.swift; path = SimpleBrowserTests.swift; sourceTree = "<group>"; };
		830CC2E61BE29A71002E3670 /* Info.plist */ = {isa = PBXFileReference; lastKnownFileType = text.plist.xml; path = Info.plist; sourceTree = "<group>"; };
		830CC2EB1BE29A71002E3670 /* SimpleBrowserUITests.xctest */ = {isa = PBXFileReference; explicitFileType = wrapper.cfbundle; includeInIndex = 0; path = SimpleBrowserUITests.xctest; sourceTree = BUILT_PRODUCTS_DIR; };
		830CC2EF1BE29A71002E3670 /* SimpleBrowserUITests.swift */ = {isa = PBXFileReference; lastKnownFileType = sourcecode.swift; path = SimpleBrowserUITests.swift; sourceTree = "<group>"; };
		830CC2F11BE29A72002E3670 /* Info.plist */ = {isa = PBXFileReference; lastKnownFileType = text.plist.xml; path = Info.plist; sourceTree = "<group>"; };
/* End PBXFileReference section */

/* Begin PBXFrameworksBuildPhase section */
		830CC2C91BE29A71002E3670 /* Frameworks */ = {
			isa = PBXFrameworksBuildPhase;
			buildActionMask = 2147483647;
			files = (
			);
			runOnlyForDeploymentPostprocessing = 0;
		};
		830CC2DD1BE29A71002E3670 /* Frameworks */ = {
			isa = PBXFrameworksBuildPhase;
			buildActionMask = 2147483647;
			files = (
			);
			runOnlyForDeploymentPostprocessing = 0;
		};
		830CC2E81BE29A71002E3670 /* Frameworks */ = {
			isa = PBXFrameworksBuildPhase;
			buildActionMask = 2147483647;
			files = (
			);
			runOnlyForDeploymentPostprocessing = 0;
		};
/* End PBXFrameworksBuildPhase section */

/* Begin PBXGroup section */
		830CC2C31BE29A71002E3670 = {
			isa = PBXGroup;
			children = (
				830CC2CE1BE29A71002E3670 /* SimpleBrowser */,
				830CC2E31BE29A71002E3670 /* SimpleBrowserTests */,
				830CC2EE1BE29A71002E3670 /* SimpleBrowserUITests */,
				830CC2CD1BE29A71002E3670 /* Products */,
			);
			sourceTree = "<group>";
		};
		830CC2CD1BE29A71002E3670 /* Products */ = {
			isa = PBXGroup;
			children = (
				830CC2CC1BE29A71002E3670 /* SimpleBrowser.app */,
				830CC2E01BE29A71002E3670 /* SimpleBrowserTests.xctest */,
				830CC2EB1BE29A71002E3670 /* SimpleBrowserUITests.xctest */,
			);
			name = Products;
			sourceTree = "<group>";
		};
		830CC2CE1BE29A71002E3670 /* SimpleBrowser */ = {
			isa = PBXGroup;
			children = (
				830CC2CF1BE29A71002E3670 /* AppDelegate.swift */,
				830CC2D11BE29A71002E3670 /* ViewController.swift */,
				830CC2D31BE29A71002E3670 /* Main.storyboard */,
				830CC2D61BE29A71002E3670 /* Assets.xcassets */,
				830CC2D81BE29A71002E3670 /* LaunchScreen.storyboard */,
				830CC2DB1BE29A71002E3670 /* Info.plist */,
			);
			path = SimpleBrowser;
			sourceTree = "<group>";
		};
		830CC2E31BE29A71002E3670 /* SimpleBrowserTests */ = {
			isa = PBXGroup;
			children = (
				830CC2E41BE29A71002E3670 /* SimpleBrowserTests.swift */,
				830CC2E61BE29A71002E3670 /* Info.plist */,
			);
			path = SimpleBrowserTests;
			sourceTree = "<group>";
		};
		830CC2EE1BE29A71002E3670 /* SimpleBrowserUITests */ = {
			isa = PBXGroup;
			children = (
				830CC2EF1BE29A71002E3670 /* SimpleBrowserUITests.swift */,
				830CC2F11BE29A72002E3670 /* Info.plist */,
			);
			path = SimpleBrowserUITests;
			sourceTree = "<group>";
		};
/* End PBXGroup section */

/* Begin PBXNativeTarget section */
		830CC2CB1BE29A71002E3670 /* SimpleBrowser */ = {
			isa = PBXNativeTarget;
			buildConfigurationList = 830CC2F41BE29A72002E3670 /* Build configuration list for PBXNativeTarget "SimpleBrowser" */;
			buildPhases = (
				830CC2C81BE29A71002E3670 /* Sources */,
				830CC2C91BE29A71002E3670 /* Frameworks */,
				830CC2CA1BE29A71002E3670 /* Resources */,
			);
			buildRules = (
			);
			dependencies = (
			);
			name = SimpleBrowser;
			productName = SimpleBrowser;
			productReference = 830CC2CC1BE29A71002E3670 /* SimpleBrowser.app */;
			productType = "com.apple.product-type.application";
		};
		830CC2DF1BE29A71002E3670 /* SimpleBrowserTests */ = {
			isa = PBXNativeTarget;
			buildConfigurationList = 830CC2F71BE29A72002E3670 /* Build configuration list for PBXNativeTarget "SimpleBrowserTests" */;
			buildPhases = (
				830CC2DC1BE29A71002E3670 /* Sources */,
				830CC2DD1BE29A71002E3670 /* Frameworks */,
				830CC2DE1BE29A71002E3670 /* Resources */,
			);
			buildRules = (
			);
			dependencies = (
				830CC2E21BE29A71002E3670 /* PBXTargetDependency */,
			);
			name = SimpleBrowserTests;
			productName = SimpleBrowserTests;
			productReference = 830CC2E01BE29A71002E3670 /* SimpleBrowserTests.xctest */;
			productType = "com.apple.product-type.bundle.unit-test";
		};
		830CC2EA1BE29A71002E3670 /* SimpleBrowserUITests */ = {
			isa = PBXNativeTarget;
			buildConfigurationList = 830CC2FA1BE29A72002E3670 /* Build configuration list for PBXNativeTarget "SimpleBrowserUITests" */;
			buildPhases = (
				830CC2E71BE29A71002E3670 /* Sources */,
				830CC2E81BE29A71002E3670 /* Frameworks */,
				830CC2E91BE29A71002E3670 /* Resources */,
			);
			buildRules = (
			);
			dependencies = (
				830CC2ED1BE29A71002E3670 /* PBXTargetDependency */,
			);
			name = SimpleBrowserUITests;
			productName = SimpleBrowserUITests;
			productReference = 830CC2EB1BE29A71002E3670 /* SimpleBrowserUITests.xctest */;
			productType = "com.apple.product-type.bundle.ui-testing";
		};
/* End PBXNativeTarget section */

/* Begin PBXProject section */
		830CC2C41BE29A71002E3670 /* Project object */ = {
			isa = PBXProject;
			attributes = {
				LastSwiftUpdateCheck = 0710;
				LastUpgradeCheck = 0710;
				ORGANIZATIONNAME = "Chris Harrison";
				TargetAttributes = {
					830CC2CB1BE29A71002E3670 = {
						CreatedOnToolsVersion = 7.1;
					};
					830CC2DF1BE29A71002E3670 = {
						CreatedOnToolsVersion = 7.1;
						TestTargetID = 830CC2CB1BE29A71002E3670;
					};
					830CC2EA1BE29A71002E3670 = {
						CreatedOnToolsVersion = 7.1;
						TestTargetID = 830CC2CB1BE29A71002E3670;
					};
				};
			};
			buildConfigurationList = 830CC2C71BE29A71002E3670 /* Build configuration list for PBXProject "SimpleBrowser" */;
			compatibilityVersion = "Xcode 3.2";
			developmentRegion = English;
			hasScannedForEncodings = 0;
			knownRegions = (
				en,
				Base,
			);
			mainGroup = 830CC2C31BE29A71002E3670;
			productRefGroup = 830CC2CD1BE29A71002E3670 /* Products */;
			projectDirPath = "";
			projectRoot = "";
			targets = (
				830CC2CB1BE29A71002E3670 /* SimpleBrowser */,
				830CC2DF1BE29A71002E3670 /* SimpleBrowserTests */,
				830CC2EA1BE29A71002E3670 /* SimpleBrowserUITests */,
			);
		};
/* End PBXProject section */

/* Begin PBXResourcesBuildPhase section */
		830CC2CA1BE29A71002E3670 /* Resources */ = {
			isa = PBXResourcesBuildPhase;
			buildActionMask = 2147483647;
			files = (
				830CC2DA1BE29A71002E3670 /* LaunchScreen.storyboard in Resources */,
				830CC2D71BE29A71002E3670 /* Assets.xcassets in Resources */,
				830CC2D51BE29A71002E3670 /* Main.storyboard in Resources */,
			);
			runOnlyForDeploymentPostprocessing = 0;
		};
		830CC2DE1BE29A71002E3670 /* Resources */ = {
			isa = PBXResourcesBuildPhase;
			buildActionMask = 2147483647;
			files = (
			);
			runOnlyForDeploymentPostprocessing = 0;
		};
		830CC2E91BE29A71002E3670 /* Resources */ = {
			isa = PBXResourcesBuildPhase;
			buildActionMask = 2147483647;
			files = (
			);
			runOnlyForDeploymentPostprocessing = 0;
		};
/* End PBXResourcesBuildPhase section */

/* Begin PBXSourcesBuildPhase section */
		830CC2C81BE29A71002E3670 /* Sources */ = {
			isa = PBXSourcesBuildPhase;
			buildActionMask = 2147483647;
			files = (
				830CC2D21BE29A71002E3670 /* ViewController.swift in Sources */,
				830CC2D01BE29A71002E3670 /* AppDelegate.swift in Sources */,
			);
			runOnlyForDeploymentPostprocessing = 0;
		};
		830CC2DC1BE29A71002E3670 /* Sources */ = {
			isa = PBXSourcesBuildPhase;
			buildActionMask = 2147483647;
			files = (
				830CC2E51BE29A71002E3670 /* SimpleBrowserTests.swift in Sources */,
			);
			runOnlyForDeploymentPostprocessing = 0;
		};
		830CC2E71BE29A71002E3670 /* Sources */ = {
			isa = PBXSourcesBuildPhase;
			buildActionMask = 2147483647;
			files = (
				830CC2F01BE29A71002E3670 /* SimpleBrowserUITests.swift in Sources */,
			);
			runOnlyForDeploymentPostprocessing = 0;
		};
/* End PBXSourcesBuildPhase section */

/* Begin PBXTargetDependency section */
		830CC2E21BE29A71002E3670 /* PBXTargetDependency */ = {
			isa = PBXTargetDependency;
			target = 830CC2CB1BE29A71002E3670 /* SimpleBrowser */;
			targetProxy = 830CC2E11BE29A71002E3670 /* PBXContainerItemProxy */;
		};
		830CC2ED1BE29A71002E3670 /* PBXTargetDependency */ = {
			isa = PBXTargetDependency;
			target = 830CC2CB1BE29A71002E3670 /* SimpleBrowser */;
			targetProxy = 830CC2EC1BE29A71002E3670 /* PBXContainerItemProxy */;
		};
/* End PBXTargetDependency section */

/* Begin PBXVariantGroup section */
		830CC2D31BE29A71002E3670 /* Main.storyboard */ = {
			isa = PBXVariantGroup;
			children = (
				830CC2D41BE29A71002E3670 /* Base */,
			);
			name = Main.storyboard;
			sourceTree = "<group>";
		};
		830CC2D81BE29A71002E3670 /* LaunchScreen.storyboard */ = {
			isa = PBXVariantGroup;
			children = (
				830CC2D91BE29A71002E3670 /* Base */,
			);
			name = LaunchScreen.storyboard;
			sourceTree = "<group>";
		};
/* End PBXVariantGroup section */

/* Begin XCBuildConfiguration section */
		830CC2F21BE29A72002E3670 /* Debug */ = {
			isa = XCBuildConfiguration;
			buildSettings = {
				ALWAYS_SEARCH_USER_PATHS = NO;
				CLANG_CXX_LANGUAGE_STANDARD = "gnu++0x";
				CLANG_CXX_LIBRARY = "libc++";
				CLANG_ENABLE_MODULES = YES;
				CLANG_ENABLE_OBJC_ARC = YES;
				CLANG_WARN_BOOL_CONVERSION = YES;
				CLANG_WARN_CONSTANT_CONVERSION = YES;
				CLANG_WARN_DIRECT_OBJC_ISA_USAGE = YES_ERROR;
				CLANG_WARN_EMPTY_BODY = YES;
				CLANG_WARN_ENUM_CONVERSION = YES;
				CLANG_WARN_INT_CONVERSION = YES;
				CLANG_WARN_OBJC_ROOT_CLASS = YES_ERROR;
				CLANG_WARN_UNREACHABLE_CODE = YES;
				CLANG_WARN__DUPLICATE_METHOD_MATCH = YES;
				"CODE_SIGN_IDENTITY[sdk=iphoneos*]" = "iPhone Developer";
				COPY_PHASE_STRIP = NO;
				DEBUG_INFORMATION_FORMAT = dwarf;
				ENABLE_STRICT_OBJC_MSGSEND = YES;
				ENABLE_TESTABILITY = YES;
				GCC_C_LANGUAGE_STANDARD = gnu99;
				GCC_DYNAMIC_NO_PIC = NO;
				GCC_NO_COMMON_BLOCKS = YES;
				GCC_OPTIMIZATION_LEVEL = 0;
				GCC_PREPROCESSOR_DEFINITIONS = (
					"DEBUG=1",
					"$(inherited)",
				);
				GCC_WARN_64_TO_32_BIT_CONVERSION = YES;
				GCC_WARN_ABOUT_RETURN_TYPE = YES_ERROR;
				GCC_WARN_UNDECLARED_SELECTOR = YES;
				GCC_WARN_UNINITIALIZED_AUTOS = YES_AGGRESSIVE;
				GCC_WARN_UNUSED_FUNCTION = YES;
				GCC_WARN_UNUSED_VARIABLE = YES;
				IPHONEOS_DEPLOYMENT_TARGET = 9.1;
				MTL_ENABLE_DEBUG_INFO = YES;
				ONLY_ACTIVE_ARCH = YES;
				SDKROOT = iphoneos;
				SWIFT_OPTIMIZATION_LEVEL = "-Onone";
			};
			name = Debug;
		};
		830CC2F31BE29A72002E3670 /* Release */ = {
			isa = XCBuildConfiguration;
			buildSettings = {
				ALWAYS_SEARCH_USER_PATHS = NO;
				CLANG_CXX_LANGUAGE_STANDARD = "gnu++0x";
				CLANG_CXX_LIBRARY = "libc++";
				CLANG_ENABLE_MODULES = YES;
				CLANG_ENABLE_OBJC_ARC = YES;
				CLANG_WARN_BOOL_CONVERSION = YES;
				CLANG_WARN_CONSTANT_CONVERSION = YES;
				CLANG_WARN_DIRECT_OBJC_ISA_USAGE = YES_ERROR;
				CLANG_WARN_EMPTY_BODY = YES;
				CLANG_WARN_ENUM_CONVERSION = YES;
				CLANG_WARN_INT_CONVERSION = YES;
				CLANG_WARN_OBJC_ROOT_CLASS = YES_ERROR;
				CLANG_WARN_UNREACHABLE_CODE = YES;
				CLANG_WARN__DUPLICATE_METHOD_MATCH = YES;
				"CODE_SIGN_IDENTITY[sdk=iphoneos*]" = "iPhone Developer";
				COPY_PHASE_STRIP = NO;
				DEBUG_INFORMATION_FORMAT = "dwarf-with-dsym";
				ENABLE_NS_ASSERTIONS = NO;
				ENABLE_STRICT_OBJC_MSGSEND = YES;
				GCC_C_LANGUAGE_STANDARD = gnu99;
				GCC_NO_COMMON_BLOCKS = YES;
				GCC_WARN_64_TO_32_BIT_CONVERSION = YES;
				GCC_WARN_ABOUT_RETURN_TYPE = YES_ERROR;
				GCC_WARN_UNDECLARED_SELECTOR = YES;
				GCC_WARN_UNINITIALIZED_AUTOS = YES_AGGRESSIVE;
				GCC_WARN_UNUSED_FUNCTION = YES;
				GCC_WARN_UNUSED_VARIABLE = YES;
				IPHONEOS_DEPLOYMENT_TARGET = 9.1;
				MTL_ENABLE_DEBUG_INFO = NO;
				SDKROOT = iphoneos;
				VALIDATE_PRODUCT = YES;
			};
			name = Release;
		};
		830CC2F51BE29A72002E3670 /* Debug */ = {
			isa = XCBuildConfiguration;
			buildSettings = {
				ASSETCATALOG_COMPILER_APPICON_NAME = AppIcon;
				INFOPLIST_FILE = SimpleBrowser/Info.plist;
				LD_RUNPATH_SEARCH_PATHS = "$(inherited) @executable_path/Frameworks";
				PRODUCT_BUNDLE_IDENTIFIER = "C-J-Harrison.SimpleBrowser";
				PRODUCT_NAME = "$(TARGET_NAME)";
			};
			name = Debug;
		};
		830CC2F61BE29A72002E3670 /* Release */ = {
			isa = XCBuildConfiguration;
			buildSettings = {
				ASSETCATALOG_COMPILER_APPICON_NAME = AppIcon;
				INFOPLIST_FILE = SimpleBrowser/Info.plist;
				LD_RUNPATH_SEARCH_PATHS = "$(inherited) @executable_path/Frameworks";
				PRODUCT_BUNDLE_IDENTIFIER = "C-J-Harrison.SimpleBrowser";
				PRODUCT_NAME = "$(TARGET_NAME)";
			};
			name = Release;
		};
		830CC2F81BE29A72002E3670 /* Debug */ = {
			isa = XCBuildConfiguration;
			buildSettings = {
				BUNDLE_LOADER = "$(TEST_HOST)";
				INFOPLIST_FILE = SimpleBrowserTests/Info.plist;
				LD_RUNPATH_SEARCH_PATHS = "$(inherited) @executable_path/Frameworks @loader_path/Frameworks";
				PRODUCT_BUNDLE_IDENTIFIER = "C-J-Harrison.SimpleBrowserTests";
				PRODUCT_NAME = "$(TARGET_NAME)";
				TEST_HOST = "$(BUILT_PRODUCTS_DIR)/SimpleBrowser.app/SimpleBrowser";
			};
			name = Debug;
		};
		830CC2F91BE29A72002E3670 /* Release */ = {
			isa = XCBuildConfiguration;
			buildSettings = {
				BUNDLE_LOADER = "$(TEST_HOST)";
				INFOPLIST_FILE = SimpleBrowserTests/Info.plist;
				LD_RUNPATH_SEARCH_PATHS = "$(inherited) @executable_path/Frameworks @loader_path/Frameworks";
				PRODUCT_BUNDLE_IDENTIFIER = "C-J-Harrison.SimpleBrowserTests";
				PRODUCT_NAME = "$(TARGET_NAME)";
				TEST_HOST = "$(BUILT_PRODUCTS_DIR)/SimpleBrowser.app/SimpleBrowser";
			};
			name = Release;
		};
		830CC2FB1BE29A72002E3670 /* Debug */ = {
			isa = XCBuildConfiguration;
			buildSettings = {
				INFOPLIST_FILE = SimpleBrowserUITests/Info.plist;
				LD_RUNPATH_SEARCH_PATHS = "$(inherited) @executable_path/Frameworks @loader_path/Frameworks";
				PRODUCT_BUNDLE_IDENTIFIER = "C-J-Harrison.SimpleBrowserUITests";
				PRODUCT_NAME = "$(TARGET_NAME)";
				TEST_TARGET_NAME = SimpleBrowser;
				USES_XCTRUNNER = YES;
			};
			name = Debug;
		};
		830CC2FC1BE29A72002E3670 /* Release */ = {
			isa = XCBuildConfiguration;
			buildSettings = {
				INFOPLIST_FILE = SimpleBrowserUITests/Info.plist;
				LD_RUNPATH_SEARCH_PATHS = "$(inherited) @executable_path/Frameworks @loader_path/Frameworks";
				PRODUCT_BUNDLE_IDENTIFIER = "C-J-Harrison.SimpleBrowserUITests";
				PRODUCT_NAME = "$(TARGET_NAME)";
				TEST_TARGET_NAME = SimpleBrowser;
				USES_XCTRUNNER = YES;
			};
			name = Release;
		};
/* End XCBuildConfiguration section */

/* Begin XCConfigurationList section */
		830CC2C71BE29A71002E3670 /* Build configuration list for PBXProject "SimpleBrowser" */ = {
			isa = XCConfigurationList;
			buildConfigurations = (
				830CC2F21BE29A72002E3670 /* Debug */,
				830CC2F31BE29A72002E3670 /* Release */,
			);
			defaultConfigurationIsVisible = 0;
			defaultConfigurationName = Release;
		};
		830CC2F41BE29A72002E3670 /* Build configuration list for PBXNativeTarget "SimpleBrowser" */ = {
			isa = XCConfigurationList;
			buildConfigurations = (
				830CC2F51BE29A72002E3670 /* Debug */,
				830CC2F61BE29A72002E3670 /* Release */,
			);
			defaultConfigurationIsVisible = 0;
		};
		830CC2F71BE29A72002E3670 /* Build configuration list for PBXNativeTarget "SimpleBrowserTests" */ = {
			isa = XCConfigurationList;
			buildConfigurations = (
				830CC2F81BE29A72002E3670 /* Debug */,
				830CC2F91BE29A72002E3670 /* Release */,
			);
			defaultConfigurationIsVisible = 0;
		};
		830CC2FA1BE29A72002E3670 /* Build configuration list for PBXNativeTarget "SimpleBrowserUITests" */ = {
			isa = XCConfigurationList;
			buildConfigurations = (
				830CC2FB1BE29A72002E3670 /* Debug */,
				830CC2FC1BE29A72002E3670 /* Release */,
			);
			defaultConfigurationIsVisible = 0;
		};
/* End XCConfigurationList section */
	};
	rootObject = 830CC2C41BE29A71002E3670 /* Project object */;
}
